version = 1
revision = 3
requires-python = ">=3.12"

[[package]]
name = "homework-13"
version = "0.1.0"
source = { virtual = "." }
dependencies = [
    { name = "protobuf" },
    { name = "python-memcached" },
]

[package.metadata]
requires-dist = [
    { name = "protobuf", specifier = "==3.19.0" },
    { name = "python-memcached", specifier = ">=1.62" },
]

[[package]]
name = "protobuf"
version = "3.19.0"
source = { registry = "https://pypi.org/simple" }
sdist = { url = "https://files.pythonhosted.org/packages/c9/cb/95924cc9ced5ba0b489bb861195234a964dbd83f8c3d12d254ef4c4a5980/protobuf-3.19.0.tar.gz", hash = "sha256:6a1dc6584d24ef86f5b104bcad64fa0fe06ed36e5687f426e0445d363a041d18", size = 217553, upload-time = "2021-10-20T21:40:01.272Z" }
wheels = [
    { url = "https://files.pythonhosted.org/packages/e6/91/7a3dd1b61de690a18a56d2447669f847305ecdee90d4742025734ccdd85e/protobuf-3.19.0-py2.py3-none-any.whl", hash = "sha256:c96e94d3e523a82caa3e5f74b35dd1c4884199358d01c950d95c341255ff48bc", size = 162635, upload-time = "2021-10-20T21:39:59.149Z" },
]

[[package]]
name = "python-memcached"
version = "1.62"
source = { registry = "https://pypi.org/simple" }
sdist = { url = "https://files.pythonhosted.org/packages/e8/3c/204e5c6087efc85b52a68edce8678d44eb28718f5f145e036c277beb467c/python-memcached-1.62.tar.gz", hash = "sha256:0285470599b7f593fbf3bec084daa1f483221e68c1db2cf1d846a9f7c2655103", size = 28591, upload-time = "2024-01-14T15:56:03.134Z" }
wheels = [
    { url = "https://files.pythonhosted.org/packages/8f/1b/3b15a37831ae34a264d7d5b71f3ae9fe74a81251453a3ec2135e76888ef1/python_memcached-1.62-py2.py3-none-any.whl", hash = "sha256:1bdd8d2393ff53e80cd5e9442d750e658e0b35c3eebb3211af137303e3b729d1", size = 15136, upload-time = "2024-01-14T15:56:01.725Z" },
]
